
Microsoft Visual Studio Solution File, Format Version 12.00
# Visual Studio 15
VisualStudioVersion = 15.0.27130.2020
MinimumVisualStudioVersion = 10.0.40219.1
Project("{9A19103F-16F7-4668-BE54-9A1E7A4F7556}") = "BankOfSimba", "BankOfSimba.csproj", "{AD863325-CC15-47CE-A1A8-F7C2B5B54B56}"
EndProject
Global
	GlobalSection(SolutionConfigurationPlatforms) = preSolution
		Debug|Any CPU = Debug|Any CPU
		Release|Any CPU = Release|Any CPU
	EndGlobalSection
	GlobalSection(ProjectConfigurationPlatforms) = postSolution
		{AD863325-CC15-47CE-A1A8-F7C2B5B54B56}.Debug|Any CPU.ActiveCfg = Debug|Any CPU
		{AD863325-CC15-47CE-A1A8-F7C2B5B54B56}.Debug|Any CPU.Build.0 = Debug|Any CPU
		{AD863325-CC15-47CE-A1A8-F7C2B5B54B56}.Release|Any CPU.ActiveCfg = Release|Any CPU
		{AD863325-CC15-47CE-A1A8-F7C2B5B54B56}.Release|Any CPU.Build.0 = Release|Any CPU
	EndGlobalSection
	GlobalSection(SolutionProperties) = preSolution
		HideSolutionNode = FALSE
	EndGlobalSection
	GlobalSection(ExtensibilityGlobals) = postSolution
		SolutionGuid = {30C38B3A-FB05-437F-8B12-A7E47DD2F6E3}
	EndGlobalSection
EndGlobal
